
Microsoft Visual Studio Solution File, Format Version 12.00
# Visual Studio Version 16
VisualStudioVersion = 16.0.30330.147
MinimumVisualStudioVersion = 10.0.40219.1
Project("{FAE04EC0-301F-11D3-BF4B-00C04F79EFBC}") = "WarCardGame", "WarCardGame.csproj", "{A8709BCD-42C8-4652-BA45-F982D45EF72F}"
EndProject
Global
	GlobalSection(SolutionConfigurationPlatforms) = preSolution
		Debug|Any CPU = Debug|Any CPU
		Release|Any CPU = Release|Any CPU
	EndGlobalSection
	GlobalSection(ProjectConfigurationPlatforms) = postSolution
		{A8709BCD-42C8-4652-BA45-F982D45EF72F}.Debug|Any CPU.ActiveCfg = Debug|Any CPU
		{A8709BCD-42C8-4652-BA45-F982D45EF72F}.Debug|Any CPU.Build.0 = Debug|Any CPU
		{A8709BCD-42C8-4652-BA45-F982D45EF72F}.Release|Any CPU.ActiveCfg = Release|Any CPU
		{A8709BCD-42C8-4652-BA45-F982D45EF72F}.Release|Any CPU.Build.0 = Release|Any CPU
	EndGlobalSection
	GlobalSection(SolutionProperties) = preSolution
		HideSolutionNode = FALSE
	EndGlobalSection
	GlobalSection(ExtensibilityGlobals) = postSolution
		SolutionGuid = {61EC265E-397A-4543-9DE7-A12F37ECDA91}
	EndGlobalSection
EndGlobal
